
Microsoft Visual Studio Solution File, Format Version 12.00
# Visual Studio Version 17
VisualStudioVersion = 17.5.002.0
MinimumVisualStudioVersion = 10.0.40219.1
Project("{9A19103F-16F7-4668-BE54-9A1E7A4F7556}") = "admininterface", "admininterface\admininterface.csproj", "{11DB616B-9CEA-4800-BDE6-3A68C768D71B}"
EndProject
Global
	GlobalSection(SolutionConfigurationPlatforms) = preSolution
		Debug|Any CPU = Debug|Any CPU
		Release|Any CPU = Release|Any CPU
	EndGlobalSection
	GlobalSection(ProjectConfigurationPlatforms) = postSolution
		{11DB616B-9CEA-4800-BDE6-3A68C768D71B}.Debug|Any CPU.ActiveCfg = Debug|Any CPU
		{11DB616B-9CEA-4800-BDE6-3A68C768D71B}.Debug|Any CPU.Build.0 = Debug|Any CPU
		{11DB616B-9CEA-4800-BDE6-3A68C768D71B}.Release|Any CPU.ActiveCfg = Release|Any CPU
		{11DB616B-9CEA-4800-BDE6-3A68C768D71B}.Release|Any CPU.Build.0 = Release|Any CPU
	EndGlobalSection
	GlobalSection(SolutionProperties) = preSolution
		HideSolutionNode = FALSE
	EndGlobalSection
	GlobalSection(ExtensibilityGlobals) = postSolution
		SolutionGuid = {2E8366BC-E5E1-4D54-A367-C0535B0C8EFA}
	EndGlobalSection
EndGlobal
